
Microsoft Visual Studio Solution File, Format Version 12.00
# Visual Studio Version 17
VisualStudioVersion = 17.11.35327.3
MinimumVisualStudioVersion = 10.0.40219.1
Project("{FAE04EC0-301F-11D3-BF4B-00C04F79EFBC}") = "Trabajo final", "Trabajo final.csproj", "{A6EB0081-C4D5-43F7-8741-48AE1AC42391}"
EndProject
Global
	GlobalSection(SolutionConfigurationPlatforms) = preSolution
		Debug|Any CPU = Debug|Any CPU
		Release|Any CPU = Release|Any CPU
	EndGlobalSection
	GlobalSection(ProjectConfigurationPlatforms) = postSolution
		{A6EB0081-C4D5-43F7-8741-48AE1AC42391}.Debug|Any CPU.ActiveCfg = Debug|Any CPU
		{A6EB0081-C4D5-43F7-8741-48AE1AC42391}.Debug|Any CPU.Build.0 = Debug|Any CPU
		{A6EB0081-C4D5-43F7-8741-48AE1AC42391}.Release|Any CPU.ActiveCfg = Release|Any CPU
		{A6EB0081-C4D5-43F7-8741-48AE1AC42391}.Release|Any CPU.Build.0 = Release|Any CPU
	EndGlobalSection
	GlobalSection(SolutionProperties) = preSolution
		HideSolutionNode = FALSE
	EndGlobalSection
	GlobalSection(ExtensibilityGlobals) = postSolution
		SolutionGuid = {4C021356-3407-474D-AD14-E5B470EB937B}
	EndGlobalSection
EndGlobal
